
Microsoft Visual Studio Solution File, Format Version 12.00
# Visual Studio Version 17
VisualStudioVersion = 17.3.32922.545
MinimumVisualStudioVersion = 10.0.40219.1
Project("{FAE04EC0-301F-11D3-BF4B-00C04F79EFBC}") = "zad1", "zad1.csproj", "{5DB91F14-66BF-46E4-93CB-6E801CAFE1AA}"
EndProject
Project("{FAE04EC0-301F-11D3-BF4B-00C04F79EFBC}") = "zad2", "..\zad2\zad2.csproj", "{01E7A297-C73F-4140-BB87-AE5A58C36604}"
EndProject
Project("{FAE04EC0-301F-11D3-BF4B-00C04F79EFBC}") = "zad3", "..\zad3\zad3.csproj", "{3FA9D990-C962-4ECA-8F5E-BD4B1CD84013}"
EndProject
Global
	GlobalSection(SolutionConfigurationPlatforms) = preSolution
		Debug|Any CPU = Debug|Any CPU
		Release|Any CPU = Release|Any CPU
	EndGlobalSection
	GlobalSection(ProjectConfigurationPlatforms) = postSolution
		{5DB91F14-66BF-46E4-93CB-6E801CAFE1AA}.Debug|Any CPU.ActiveCfg = Debug|Any CPU
		{5DB91F14-66BF-46E4-93CB-6E801CAFE1AA}.Debug|Any CPU.Build.0 = Debug|Any CPU
		{5DB91F14-66BF-46E4-93CB-6E801CAFE1AA}.Release|Any CPU.ActiveCfg = Release|Any CPU
		{5DB91F14-66BF-46E4-93CB-6E801CAFE1AA}.Release|Any CPU.Build.0 = Release|Any CPU
		{01E7A297-C73F-4140-BB87-AE5A58C36604}.Debug|Any CPU.ActiveCfg = Debug|Any CPU
		{01E7A297-C73F-4140-BB87-AE5A58C36604}.Debug|Any CPU.Build.0 = Debug|Any CPU
		{01E7A297-C73F-4140-BB87-AE5A58C36604}.Release|Any CPU.ActiveCfg = Release|Any CPU
		{01E7A297-C73F-4140-BB87-AE5A58C36604}.Release|Any CPU.Build.0 = Release|Any CPU
		{3FA9D990-C962-4ECA-8F5E-BD4B1CD84013}.Debug|Any CPU.ActiveCfg = Debug|Any CPU
		{3FA9D990-C962-4ECA-8F5E-BD4B1CD84013}.Debug|Any CPU.Build.0 = Debug|Any CPU
		{3FA9D990-C962-4ECA-8F5E-BD4B1CD84013}.Release|Any CPU.ActiveCfg = Release|Any CPU
		{3FA9D990-C962-4ECA-8F5E-BD4B1CD84013}.Release|Any CPU.Build.0 = Release|Any CPU
	EndGlobalSection
	GlobalSection(SolutionProperties) = preSolution
		HideSolutionNode = FALSE
	EndGlobalSection
	GlobalSection(ExtensibilityGlobals) = postSolution
		SolutionGuid = {4CEC9CD7-E8AD-451D-AE52-ABD81847F3CD}
	EndGlobalSection
EndGlobal
