
Microsoft Visual Studio Solution File, Format Version 12.00
# Visual Studio Version 17
VisualStudioVersion = 17.3.32922.545
MinimumVisualStudioVersion = 10.0.40219.1
Project("{FAE04EC0-301F-11D3-BF4B-00C04F79EFBC}") = "zad33", "zad33.csproj", "{4FD3B4DD-8223-4C40-9CC4-585AC19CBF03}"
EndProject
Global
	GlobalSection(SolutionConfigurationPlatforms) = preSolution
		Debug|Any CPU = Debug|Any CPU
		Release|Any CPU = Release|Any CPU
	EndGlobalSection
	GlobalSection(ProjectConfigurationPlatforms) = postSolution
		{4FD3B4DD-8223-4C40-9CC4-585AC19CBF03}.Debug|Any CPU.ActiveCfg = Debug|Any CPU
		{4FD3B4DD-8223-4C40-9CC4-585AC19CBF03}.Debug|Any CPU.Build.0 = Debug|Any CPU
		{4FD3B4DD-8223-4C40-9CC4-585AC19CBF03}.Release|Any CPU.ActiveCfg = Release|Any CPU
		{4FD3B4DD-8223-4C40-9CC4-585AC19CBF03}.Release|Any CPU.Build.0 = Release|Any CPU
	EndGlobalSection
	GlobalSection(SolutionProperties) = preSolution
		HideSolutionNode = FALSE
	EndGlobalSection
	GlobalSection(ExtensibilityGlobals) = postSolution
		SolutionGuid = {E20FDD16-E6FA-4219-A6C8-A21FC1F47683}
	EndGlobalSection
EndGlobal
