
Microsoft Visual Studio Solution File, Format Version 12.00
# Visual Studio Version 17
VisualStudioVersion = 17.3.32922.545
MinimumVisualStudioVersion = 10.0.40219.1
Project("{FAE04EC0-301F-11D3-BF4B-00C04F79EFBC}") = "zad1", "zad1.csproj", "{0A448F5A-4864-41B9-AD00-2616D7DA7BAF}"
EndProject
Project("{FAE04EC0-301F-11D3-BF4B-00C04F79EFBC}") = "zad2", "..\zad2\zad2.csproj", "{2DA771F8-849C-42CD-B826-7EB06B4E76CC}"
EndProject
Project("{FAE04EC0-301F-11D3-BF4B-00C04F79EFBC}") = "zad3", "..\zad3\zad3.csproj", "{F6E36A39-4CC8-4F56-BE7B-4DD11C621AD4}"
EndProject
Global
	GlobalSection(SolutionConfigurationPlatforms) = preSolution
		Debug|Any CPU = Debug|Any CPU
		Release|Any CPU = Release|Any CPU
	EndGlobalSection
	GlobalSection(ProjectConfigurationPlatforms) = postSolution
		{0A448F5A-4864-41B9-AD00-2616D7DA7BAF}.Debug|Any CPU.ActiveCfg = Debug|Any CPU
		{0A448F5A-4864-41B9-AD00-2616D7DA7BAF}.Debug|Any CPU.Build.0 = Debug|Any CPU
		{0A448F5A-4864-41B9-AD00-2616D7DA7BAF}.Release|Any CPU.ActiveCfg = Release|Any CPU
		{0A448F5A-4864-41B9-AD00-2616D7DA7BAF}.Release|Any CPU.Build.0 = Release|Any CPU
		{2DA771F8-849C-42CD-B826-7EB06B4E76CC}.Debug|Any CPU.ActiveCfg = Debug|Any CPU
		{2DA771F8-849C-42CD-B826-7EB06B4E76CC}.Debug|Any CPU.Build.0 = Debug|Any CPU
		{2DA771F8-849C-42CD-B826-7EB06B4E76CC}.Release|Any CPU.ActiveCfg = Release|Any CPU
		{2DA771F8-849C-42CD-B826-7EB06B4E76CC}.Release|Any CPU.Build.0 = Release|Any CPU
		{F6E36A39-4CC8-4F56-BE7B-4DD11C621AD4}.Debug|Any CPU.ActiveCfg = Debug|Any CPU
		{F6E36A39-4CC8-4F56-BE7B-4DD11C621AD4}.Debug|Any CPU.Build.0 = Debug|Any CPU
		{F6E36A39-4CC8-4F56-BE7B-4DD11C621AD4}.Release|Any CPU.ActiveCfg = Release|Any CPU
		{F6E36A39-4CC8-4F56-BE7B-4DD11C621AD4}.Release|Any CPU.Build.0 = Release|Any CPU
	EndGlobalSection
	GlobalSection(SolutionProperties) = preSolution
		HideSolutionNode = FALSE
	EndGlobalSection
	GlobalSection(ExtensibilityGlobals) = postSolution
		SolutionGuid = {607F6F33-569A-45F2-B328-B18FCDFD33EA}
	EndGlobalSection
EndGlobal
